
Microsoft Visual Studio Solution File, Format Version 12.00
# Visual Studio Version 16
VisualStudioVersion = 16.0.30621.155
MinimumVisualStudioVersion = 10.0.40219.1
Project("{FAE04EC0-301F-11D3-BF4B-00C04F79EFBC}") = "AppConfigurationManager", "AppConfigurationManager\AppConfigurationManager.csproj", "{53B35FCC-A783-4A45-BC9B-D16C4B32B048}"
EndProject
Project("{FAE04EC0-301F-11D3-BF4B-00C04F79EFBC}") = "MvvmBase", "PrismBase\MvvmBase.csproj", "{805CDD1D-B55B-46FC-8551-8F38E30A2EE7}"
EndProject
Global
	GlobalSection(SolutionConfigurationPlatforms) = preSolution
		Debug|Any CPU = Debug|Any CPU
		Release|Any CPU = Release|Any CPU
	EndGlobalSection
	GlobalSection(ProjectConfigurationPlatforms) = postSolution
		{53B35FCC-A783-4A45-BC9B-D16C4B32B048}.Debug|Any CPU.ActiveCfg = Debug|Any CPU
		{53B35FCC-A783-4A45-BC9B-D16C4B32B048}.Debug|Any CPU.Build.0 = Debug|Any CPU
		{53B35FCC-A783-4A45-BC9B-D16C4B32B048}.Release|Any CPU.ActiveCfg = Release|Any CPU
		{53B35FCC-A783-4A45-BC9B-D16C4B32B048}.Release|Any CPU.Build.0 = Release|Any CPU
		{805CDD1D-B55B-46FC-8551-8F38E30A2EE7}.Debug|Any CPU.ActiveCfg = Debug|Any CPU
		{805CDD1D-B55B-46FC-8551-8F38E30A2EE7}.Debug|Any CPU.Build.0 = Debug|Any CPU
		{805CDD1D-B55B-46FC-8551-8F38E30A2EE7}.Release|Any CPU.ActiveCfg = Release|Any CPU
		{805CDD1D-B55B-46FC-8551-8F38E30A2EE7}.Release|Any CPU.Build.0 = Release|Any CPU
	EndGlobalSection
	GlobalSection(SolutionProperties) = preSolution
		HideSolutionNode = FALSE
	EndGlobalSection
	GlobalSection(ExtensibilityGlobals) = postSolution
		SolutionGuid = {3BA837BB-43AB-4616-9B93-0401588ADC01}
	EndGlobalSection
EndGlobal
